{
  "name": "playwright-webxr",
  "version": "0.1.0",
  "lockfileVersion": 3,
  "requires": true,
  "packages": {
    "": {
      "name": "playwright-webxr",
      "version": "0.1.0",
      "license": "MIT",
      "dependencies": {
        "iwer": "^2.3.0"
      },
      "devDependencies": {
        "@playwright/test": "^1.62.0",
        "webxr-layers-polyfill": "^1.1.0"
      },
      "peerDependencies": {
        "@playwright/test": ">=1.40"
      }
    },
    "node_modules/@playwright/test": {
      "version": "1.62.0",
      "resolved": "https://registry.npmjs.org/@playwright/test/-/test-1.62.0.tgz",
      "integrity": "sha512-9zOJ6ZQRAena31MpOH9VSzIz8Ou3YJ/wtY/eQm5T2uhfhG7/U3COrMS8xOtUrZrp9OgdmzEnIYODye3nY1VqzA==",
      "dev": true,
      "license": "Apache-2.0",
      "dependencies": {
        "playwright": "1.62.0"
      },
      "bin": {
        "playwright": "cli.js"
      },
      "engines": {
        "node": ">=20"
      }
    },
    "node_modules/fsevents": {
      "version": "2.3.2",
      "resolved": "https://registry.npmjs.org/fsevents/-/fsevents-2.3.2.tgz",
      "integrity": "sha512-xiqMQR4xAeHTuB9uWm+fFRcIOgKBMiOBP+eXiyT7jsgVCq1bkVygt00oASowB7EdtpOHaaPgKt812P9ab+DDKA==",
      "dev": true,
      "hasInstallScript": true,
      "license": "MIT",
      "optional": true,
      "os": [
        "darwin"
      ],
      "engines": {
        "node": "^8.16.0 || ^10.6.0 || >=11.0.0"
      }
    },
    "node_modules/gl-matrix": {
      "version": "3.4.4",
      "resolved": "https://registry.npmjs.org/gl-matrix/-/gl-matrix-3.4.4.tgz",
      "integrity": "sha512-latSnyDNt/8zYUB6VIJ6PCh2jBjJX6gnDsoCZ7LyW7GkqrD51EWwa9qCoGixj8YqBtETQK/xY7OmpTF8xz1DdQ==",
      "license": "MIT"
    },
    "node_modules/iwer": {
      "version": "2.3.0",
      "resolved": "https://registry.npmjs.org/iwer/-/iwer-2.3.0.tgz",
      "integrity": "sha512-+aY/BXVIjztCtS4F1hAO2rQy0P1/0JbJ6Jq5QHVscUBBlv8xJlTkkyeg+uSiD9RQ7i5B6k1Blpcx84FQaI7Myw==",
      "license": "MIT",
      "dependencies": {
        "gl-matrix": "^3.4.4",
        "webxr-layers-polyfill": "^1.1.0"
      }
    },
    "node_modules/playwright": {
      "version": "1.62.0",
      "resolved": "https://registry.npmjs.org/playwright/-/playwright-1.62.0.tgz",
      "integrity": "sha512-Z14dG305dgaLu6foB1TXQagFiW8JfSUIUaUuPaKQ6NtBPKF1P/qXcqfh6c6K/icPqdy37JmjbiBXf6JNg6Sylw==",
      "dev": true,
      "license": "Apache-2.0",
      "dependencies": {
        "playwright-core": "1.62.0"
      },
      "bin": {
        "playwright": "cli.js"
      },
      "engines": {
        "node": ">=20"
      },
      "optionalDependencies": {
        "fsevents": "2.3.2"
      }
    },
    "node_modules/playwright-core": {
      "version": "1.62.0",
      "resolved": "https://registry.npmjs.org/playwright-core/-/playwright-core-1.62.0.tgz",
      "integrity": "sha512-nsNRyq0r2zsG8AcRHWknc9QRA5XCueC7gWMrs+Gx2tlZn9hcl8zudfh00lhJPY1DE7NmZ6bDsT9g2yey8mXljA==",
      "dev": true,
      "license": "Apache-2.0",
      "bin": {
        "playwright-core": "cli.js"
      },
      "engines": {
        "node": ">=20"
      }
    },
    "node_modules/webxr-layers-polyfill": {
      "version": "1.1.0",
      "resolved": "https://registry.npmjs.org/webxr-layers-polyfill/-/webxr-layers-polyfill-1.1.0.tgz",
      "integrity": "sha512-GqWE6IFlut8a1Lnh9t1RPnOXud1rZ7wLPvWp7mqTDOYtgorXqlNMhEnI9EqjU33grBx0v3jm0Oc13opkAdmgMQ==",
      "license": "Apache-2.0",
      "dependencies": {
        "gl-matrix": "^3.4.3"
      }
    }
  }
}
